# THIS IS AN AUTOGENERATED FILE. DO NOT EDIT THIS FILE DIRECTLY.
# yarn lockfile v1


encoding@^0.1.11:
  version "0.1.12"
  resolved "http://storage.mds.yandex.net/get-npm/35308/encoding-0.1.12.tgz#538b66f3ee62cd1ab51ec323829d1f9480c74beb"
  dependencies:
    iconv-lite "~0.4.13"

iconv-lite@~0.4.13:
  version "0.4.13"
  resolved "http://storage.mds.yandex.net/get-npm/45674/iconv-lite-0.4.13.tgz#1f88aba4ab0b1508e8312acc39345f36e992e2f2"

is-stream@^1.0.1:
  version "1.1.0"
  resolved "http://storage.mds.yandex.net/get-npm/38095/is-stream-1.1.0.tgz#12d4a3dd4e68e0b79ceb8dbc84173ae80d91ca44"

isomorphic-fetch@^2.2.1:
  version "2.2.1"
  resolved "http://storage.mds.yandex.net/get-npm/69187/isomorphic-fetch-2.2.1.tgz#611ae1acf14f5e81f729507472819fe9733558a9"
  dependencies:
    node-fetch "^1.0.1"
    whatwg-fetch ">=0.10.0"

lodash@~2.4.1:
  version "2.4.2"
  resolved "http://storage.mds.yandex.net/get-npm/35308/lodash-2.4.2.tgz#fadd834b9683073da179b3eae6d9c0d15053f73e"

node-fetch@^1.0.1:
  version "1.6.3"
  resolved "http://storage.mds.yandex.net/get-npm/66641/node-fetch-1.6.3.tgz#dc234edd6489982d58e8f0db4f695029abcd8c04"
  dependencies:
    encoding "^0.1.11"
    is-stream "^1.0.1"

parse5@^2.2.3:
  version "2.2.3"
  resolved "http://storage.mds.yandex.net/get-npm/66641/parse5-2.2.3.tgz#0c4fc41c1000c5e6b93d48b03f8083837834e9f6"

table-builder@^0.1.5:
  version "0.1.5"
  resolved "http://storage.mds.yandex.net/get-npm/35308/table-builder-0.1.5.tgz#8f07306e0526493de8f539495ed3f70cb9e45f72"
  dependencies:
    lodash "~2.4.1"

throw@^1.1.0:
  version "1.1.0"
  resolved "http://storage.mds.yandex.net/get-npm/66641/throw-1.1.0.tgz#3b48d16dcd7c50404600143f073fb726ab03ed77"

whatwg-fetch@>=0.10.0:
  version "2.0.1"
  resolved "http://storage.mds.yandex.net/get-npm/66641/whatwg-fetch-2.0.1.tgz#078b9461bbe91cea73cbce8bb122a05f9e92b772"
